
Microsoft Visual Studio Solution File, Format Version 12.00
# Visual Studio Version 17
VisualStudioVersion = 17.14.36310.24 d17.14
MinimumVisualStudioVersion = 10.0.40219.1
Project("{FAE04EC0-301F-11D3-BF4B-00C04F79EFBC}") = "Controlador", "src\Controlador\Controlador.csproj", "{A2CD8597-8ACD-C6FA-C981-51F8F3765749}"
EndProject
Project("{FAE04EC0-301F-11D3-BF4B-00C04F79EFBC}") = "Modelo", "src\Modelo\Modelo.csproj", "{92A640DC-8CE5-47E1-BDFA-B71A50BA31D4}"
EndProject
Project("{FAE04EC0-301F-11D3-BF4B-00C04F79EFBC}") = "GestorDatos", "src\GestorDatos\GestorDatos.csproj", "{A9F30B68-BFF8-4A25-905E-A9A44FCF2B68}"
EndProject
Global
	GlobalSection(SolutionConfigurationPlatforms) = preSolution
		Debug|Any CPU = Debug|Any CPU
		Release|Any CPU = Release|Any CPU
	EndGlobalSection
	GlobalSection(ProjectConfigurationPlatforms) = postSolution
		{A2CD8597-8ACD-C6FA-C981-51F8F3765749}.Debug|Any CPU.ActiveCfg = Debug|Any CPU
		{A2CD8597-8ACD-C6FA-C981-51F8F3765749}.Debug|Any CPU.Build.0 = Debug|Any CPU
		{A2CD8597-8ACD-C6FA-C981-51F8F3765749}.Release|Any CPU.ActiveCfg = Release|Any CPU
		{A2CD8597-8ACD-C6FA-C981-51F8F3765749}.Release|Any CPU.Build.0 = Release|Any CPU
		{92A640DC-8CE5-47E1-BDFA-B71A50BA31D4}.Debug|Any CPU.ActiveCfg = Debug|Any CPU
		{92A640DC-8CE5-47E1-BDFA-B71A50BA31D4}.Debug|Any CPU.Build.0 = Debug|Any CPU
		{92A640DC-8CE5-47E1-BDFA-B71A50BA31D4}.Release|Any CPU.ActiveCfg = Release|Any CPU
		{92A640DC-8CE5-47E1-BDFA-B71A50BA31D4}.Release|Any CPU.Build.0 = Release|Any CPU
		{A9F30B68-BFF8-4A25-905E-A9A44FCF2B68}.Debug|Any CPU.ActiveCfg = Debug|Any CPU
		{A9F30B68-BFF8-4A25-905E-A9A44FCF2B68}.Debug|Any CPU.Build.0 = Debug|Any CPU
		{A9F30B68-BFF8-4A25-905E-A9A44FCF2B68}.Release|Any CPU.ActiveCfg = Release|Any CPU
		{A9F30B68-BFF8-4A25-905E-A9A44FCF2B68}.Release|Any CPU.Build.0 = Release|Any CPU
	EndGlobalSection
	GlobalSection(SolutionProperties) = preSolution
		HideSolutionNode = FALSE
	EndGlobalSection
	GlobalSection(ExtensibilityGlobals) = postSolution
		SolutionGuid = {4FBC7E91-E89D-4B12-B771-881A76B953F9}
	EndGlobalSection
EndGlobal
